
Microsoft Visual Studio Solution File, Format Version 12.00
# Visual Studio Version 17
VisualStudioVersion = 17.14.36414.22 d17.14
MinimumVisualStudioVersion = 10.0.40219.1
Project("{FAE04EC0-301F-11D3-BF4B-00C04F79EFBC}") = "My Pomodoro", "My Pomodoro.csproj", "{A6A37777-0BB3-4B63-B634-E574D9A93B33}"
EndProject
Global
	GlobalSection(SolutionConfigurationPlatforms) = preSolution
		Debug|Any CPU = Debug|Any CPU
		Release|Any CPU = Release|Any CPU
	EndGlobalSection
	GlobalSection(ProjectConfigurationPlatforms) = postSolution
		{A6A37777-0BB3-4B63-B634-E574D9A93B33}.Debug|Any CPU.ActiveCfg = Debug|Any CPU
		{A6A37777-0BB3-4B63-B634-E574D9A93B33}.Debug|Any CPU.Build.0 = Debug|Any CPU
		{A6A37777-0BB3-4B63-B634-E574D9A93B33}.Release|Any CPU.ActiveCfg = Release|Any CPU
		{A6A37777-0BB3-4B63-B634-E574D9A93B33}.Release|Any CPU.Build.0 = Release|Any CPU
	EndGlobalSection
	GlobalSection(SolutionProperties) = preSolution
		HideSolutionNode = FALSE
	EndGlobalSection
	GlobalSection(ExtensibilityGlobals) = postSolution
		SolutionGuid = {FDBB52DA-9FD9-4FF6-90A0-61256F34D6BD}
	EndGlobalSection
EndGlobal
